
Microsoft Visual Studio Solution File, Format Version 12.00
# Visual Studio Version 17
VisualStudioVersion = 17.4.33213.308
MinimumVisualStudioVersion = 10.0.40219.1
Project("{FAE04EC0-301F-11D3-BF4B-00C04F79EFBC}") = "GitHubIssuesMailer", "GitHubIssuesMailer.csproj", "{BF036C9A-3DAD-4BAE-9B2F-201641E0DACC}"
EndProject
Global
	GlobalSection(SolutionConfigurationPlatforms) = preSolution
		Debug|Any CPU = Debug|Any CPU
		Release|Any CPU = Release|Any CPU
	EndGlobalSection
	GlobalSection(ProjectConfigurationPlatforms) = postSolution
		{BF036C9A-3DAD-4BAE-9B2F-201641E0DACC}.Debug|Any CPU.ActiveCfg = Debug|Any CPU
		{BF036C9A-3DAD-4BAE-9B2F-201641E0DACC}.Debug|Any CPU.Build.0 = Debug|Any CPU
		{BF036C9A-3DAD-4BAE-9B2F-201641E0DACC}.Release|Any CPU.ActiveCfg = Release|Any CPU
		{BF036C9A-3DAD-4BAE-9B2F-201641E0DACC}.Release|Any CPU.Build.0 = Release|Any CPU
	EndGlobalSection
	GlobalSection(SolutionProperties) = preSolution
		HideSolutionNode = FALSE
	EndGlobalSection
	GlobalSection(ExtensibilityGlobals) = postSolution
		SolutionGuid = {7ED57B6D-95F3-4D9D-9966-5F8AB1BDA374}
	EndGlobalSection
EndGlobal
